
Microsoft Visual Studio Solution File, Format Version 12.00
# Visual Studio Version 17
VisualStudioVersion = 17.5.002.0
MinimumVisualStudioVersion = 10.0.40219.1
Project("{2150E333-8FDC-42A3-9474-1A3956D46DE8}") = "csharp-prep", "csharp-prep", "{A98D3478-8778-4422-8AC1-96F1FDD7E568}"
EndProject
Project("{9A19103F-16F7-4668-BE54-9A1E7A4F7556}") = "Prep1", "csharp-prep\Prep1\Prep1.csproj", "{38D25CF5-E25E-4AD1-82E3-C788D915BC5A}"
EndProject
Project("{9A19103F-16F7-4668-BE54-9A1E7A4F7556}") = "Prep2", "csharp-prep\Prep2\Prep2.csproj", "{118734D6-3C6F-48B3-809A-21A3AAB72208}"
EndProject
Project("{9A19103F-16F7-4668-BE54-9A1E7A4F7556}") = "Prep3", "csharp-prep\Prep3\Prep3.csproj", "{BFC0C09B-C381-41E8-8042-2060C48C0BCC}"
EndProject
Project("{9A19103F-16F7-4668-BE54-9A1E7A4F7556}") = "Prep4", "csharp-prep\Prep4\Prep4.csproj", "{87D42C83-8AFB-4B75-B7AD-13A502BA4DD7}"
EndProject
Project("{9A19103F-16F7-4668-BE54-9A1E7A4F7556}") = "Prep5", "csharp-prep\Prep5\Prep5.csproj", "{C2333B04-1366-4BC9-A356-273AC6BA1A9E}"
EndProject
Project("{2150E333-8FDC-42A3-9474-1A3956D46DE8}") = "final", "final", "{B3334B45-CC2D-4A30-B2FB-E6419FF9B6F1}"
EndProject
Project("{9A19103F-16F7-4668-BE54-9A1E7A4F7556}") = "FinalProject", "final\FinalProject\FinalProject.csproj", "{FCDAEA27-0607-4B41-9C74-4CE1876C663D}"
EndProject
Project("{9A19103F-16F7-4668-BE54-9A1E7A4F7556}") = "Foundation1", "final\Foundation1\Foundation1.csproj", "{6B6B3C28-9EAC-4B7A-B92B-F4EC7943A487}"
EndProject
Project("{9A19103F-16F7-4668-BE54-9A1E7A4F7556}") = "Foundation2", "final\Foundation2\Foundation2.csproj", "{96AA2CA4-644B-43AD-A418-1A8EC82B0015}"
EndProject
Project("{9A19103F-16F7-4668-BE54-9A1E7A4F7556}") = "Foundation3", "final\Foundation3\Foundation3.csproj", "{A9C110CC-DFC2-47F8-A0DA-B10A83B64E3F}"
EndProject
Project("{9A19103F-16F7-4668-BE54-9A1E7A4F7556}") = "Foundation4", "final\Foundation4\Foundation4.csproj", "{D8161DA3-D023-40AD-8E68-B62417067901}"
EndProject
Project("{2150E333-8FDC-42A3-9474-1A3956D46DE8}") = "prepare", "prepare", "{AC4EAEEE-5E79-42A7-B50B-70B7BBDDF5AF}"
EndProject
Project("{9A19103F-16F7-4668-BE54-9A1E7A4F7556}") = "Learning02", "prepare\Learning02\Learning02.csproj", "{761C4D1D-EB1E-4684-897B-B8F5D08E1742}"
EndProject
Project("{9A19103F-16F7-4668-BE54-9A1E7A4F7556}") = "Learning03", "prepare\Learning03\Learning03.csproj", "{E571BF84-35EB-4659-9714-B759B8554F95}"
EndProject
Project("{9A19103F-16F7-4668-BE54-9A1E7A4F7556}") = "Learning04", "prepare\Learning04\Learning04.csproj", "{F08303D0-1A2C-453D-B476-3D82A2F254C5}"
EndProject
Project("{9A19103F-16F7-4668-BE54-9A1E7A4F7556}") = "Learning05", "prepare\Learning05\Learning05.csproj", "{13EECCB1-0C64-496B-8E29-70915458713D}"
EndProject
Project("{2150E333-8FDC-42A3-9474-1A3956D46DE8}") = "prove", "prove", "{C50D4DCE-1771-4A5B-9DE7-D98B51F09229}"
EndProject
Project("{9A19103F-16F7-4668-BE54-9A1E7A4F7556}") = "Develop02", "prove\Develop02\Develop02.csproj", "{A5D1371D-0AFD-4FB9-8F64-726EFC55331A}"
EndProject
Project("{9A19103F-16F7-4668-BE54-9A1E7A4F7556}") = "Develop03", "prove\Develop03\Develop03.csproj", "{6FB7D301-22BB-40EF-813F-522AB36CA37A}"
EndProject
Project("{9A19103F-16F7-4668-BE54-9A1E7A4F7556}") = "Develop04", "prove\Develop04\Develop04.csproj", "{34FA1BF4-4EAE-459A-91C1-DFEDD3C9A603}"
EndProject
Project("{9A19103F-16F7-4668-BE54-9A1E7A4F7556}") = "Develop05", "prove\Develop05\Develop05.csproj", "{00430A26-B5A6-4054-9E61-3EB4D96AD14A}"
EndProject
Project("{2150E333-8FDC-42A3-9474-1A3956D46DE8}") = "sandbox", "sandbox", "{FC2A91EA-48AC-4D77-BAC3-AB166211B3CA}"
EndProject
Project("{9A19103F-16F7-4668-BE54-9A1E7A4F7556}") = "Sandbox", "sandbox\Sandbox\Sandbox.csproj", "{9E104927-A376-48DD-8C1E-EEB5EF0C0C39}"
EndProject
Global
	GlobalSection(SolutionConfigurationPlatforms) = preSolution
		Debug|Any CPU = Debug|Any CPU
		Release|Any CPU = Release|Any CPU
	EndGlobalSection
	GlobalSection(ProjectConfigurationPlatforms) = postSolution
		{38D25CF5-E25E-4AD1-82E3-C788D915BC5A}.Debug|Any CPU.ActiveCfg = Debug|Any CPU
		{38D25CF5-E25E-4AD1-82E3-C788D915BC5A}.Debug|Any CPU.Build.0 = Debug|Any CPU
		{38D25CF5-E25E-4AD1-82E3-C788D915BC5A}.Release|Any CPU.ActiveCfg = Release|Any CPU
		{38D25CF5-E25E-4AD1-82E3-C788D915BC5A}.Release|Any CPU.Build.0 = Release|Any CPU
		{118734D6-3C6F-48B3-809A-21A3AAB72208}.Debug|Any CPU.ActiveCfg = Debug|Any CPU
		{118734D6-3C6F-48B3-809A-21A3AAB72208}.Debug|Any CPU.Build.0 = Debug|Any CPU
		{118734D6-3C6F-48B3-809A-21A3AAB72208}.Release|Any CPU.ActiveCfg = Release|Any CPU
		{118734D6-3C6F-48B3-809A-21A3AAB72208}.Release|Any CPU.Build.0 = Release|Any CPU
		{BFC0C09B-C381-41E8-8042-2060C48C0BCC}.Debug|Any CPU.ActiveCfg = Debug|Any CPU
		{BFC0C09B-C381-41E8-8042-2060C48C0BCC}.Debug|Any CPU.Build.0 = Debug|Any CPU
		{BFC0C09B-C381-41E8-8042-2060C48C0BCC}.Release|Any CPU.ActiveCfg = Release|Any CPU
		{BFC0C09B-C381-41E8-8042-2060C48C0BCC}.Release|Any CPU.Build.0 = Release|Any CPU
		{87D42C83-8AFB-4B75-B7AD-13A502BA4DD7}.Debug|Any CPU.ActiveCfg = Debug|Any CPU
		{87D42C83-8AFB-4B75-B7AD-13A502BA4DD7}.Debug|Any CPU.Build.0 = Debug|Any CPU
		{87D42C83-8AFB-4B75-B7AD-13A502BA4DD7}.Release|Any CPU.ActiveCfg = Release|Any CPU
		{87D42C83-8AFB-4B75-B7AD-13A502BA4DD7}.Release|Any CPU.Build.0 = Release|Any CPU
		{C2333B04-1366-4BC9-A356-273AC6BA1A9E}.Debug|Any CPU.ActiveCfg = Debug|Any CPU
		{C2333B04-1366-4BC9-A356-273AC6BA1A9E}.Debug|Any CPU.Build.0 = Debug|Any CPU
		{C2333B04-1366-4BC9-A356-273AC6BA1A9E}.Release|Any CPU.ActiveCfg = Release|Any CPU
		{C2333B04-1366-4BC9-A356-273AC6BA1A9E}.Release|Any CPU.Build.0 = Release|Any CPU
		{FCDAEA27-0607-4B41-9C74-4CE1876C663D}.Debug|Any CPU.ActiveCfg = Debug|Any CPU
		{FCDAEA27-0607-4B41-9C74-4CE1876C663D}.Debug|Any CPU.Build.0 = Debug|Any CPU
		{FCDAEA27-0607-4B41-9C74-4CE1876C663D}.Release|Any CPU.ActiveCfg = Release|Any CPU
		{FCDAEA27-0607-4B41-9C74-4CE1876C663D}.Release|Any CPU.Build.0 = Release|Any CPU
		{6B6B3C28-9EAC-4B7A-B92B-F4EC7943A487}.Debug|Any CPU.ActiveCfg = Debug|Any CPU
		{6B6B3C28-9EAC-4B7A-B92B-F4EC7943A487}.Debug|Any CPU.Build.0 = Debug|Any CPU
		{6B6B3C28-9EAC-4B7A-B92B-F4EC7943A487}.Release|Any CPU.ActiveCfg = Release|Any CPU
		{6B6B3C28-9EAC-4B7A-B92B-F4EC7943A487}.Release|Any CPU.Build.0 = Release|Any CPU
		{96AA2CA4-644B-43AD-A418-1A8EC82B0015}.Debug|Any CPU.ActiveCfg = Debug|Any CPU
		{96AA2CA4-644B-43AD-A418-1A8EC82B0015}.Debug|Any CPU.Build.0 = Debug|Any CPU
		{96AA2CA4-644B-43AD-A418-1A8EC82B0015}.Release|Any CPU.ActiveCfg = Release|Any CPU
		{96AA2CA4-644B-43AD-A418-1A8EC82B0015}.Release|Any CPU.Build.0 = Release|Any CPU
		{A9C110CC-DFC2-47F8-A0DA-B10A83B64E3F}.Debug|Any CPU.ActiveCfg = Debug|Any CPU
		{A9C110CC-DFC2-47F8-A0DA-B10A83B64E3F}.Debug|Any CPU.Build.0 = Debug|Any CPU
		{A9C110CC-DFC2-47F8-A0DA-B10A83B64E3F}.Release|Any CPU.ActiveCfg = Release|Any CPU
		{A9C110CC-DFC2-47F8-A0DA-B10A83B64E3F}.Release|Any CPU.Build.0 = Release|Any CPU
		{D8161DA3-D023-40AD-8E68-B62417067901}.Debug|Any CPU.ActiveCfg = Debug|Any CPU
		{D8161DA3-D023-40AD-8E68-B62417067901}.Debug|Any CPU.Build.0 = Debug|Any CPU
		{D8161DA3-D023-40AD-8E68-B62417067901}.Release|Any CPU.ActiveCfg = Release|Any CPU
		{D8161DA3-D023-40AD-8E68-B62417067901}.Release|Any CPU.Build.0 = Release|Any CPU
		{761C4D1D-EB1E-4684-897B-B8F5D08E1742}.Debug|Any CPU.ActiveCfg = Debug|Any CPU
		{761C4D1D-EB1E-4684-897B-B8F5D08E1742}.Debug|Any CPU.Build.0 = Debug|Any CPU
		{761C4D1D-EB1E-4684-897B-B8F5D08E1742}.Release|Any CPU.ActiveCfg = Release|Any CPU
		{761C4D1D-EB1E-4684-897B-B8F5D08E1742}.Release|Any CPU.Build.0 = Release|Any CPU
		{E571BF84-35EB-4659-9714-B759B8554F95}.Debug|Any CPU.ActiveCfg = Debug|Any CPU
		{E571BF84-35EB-4659-9714-B759B8554F95}.Debug|Any CPU.Build.0 = Debug|Any CPU
		{E571BF84-35EB-4659-9714-B759B8554F95}.Release|Any CPU.ActiveCfg = Release|Any CPU
		{E571BF84-35EB-4659-9714-B759B8554F95}.Release|Any CPU.Build.0 = Release|Any CPU
		{F08303D0-1A2C-453D-B476-3D82A2F254C5}.Debug|Any CPU.ActiveCfg = Debug|Any CPU
		{F08303D0-1A2C-453D-B476-3D82A2F254C5}.Debug|Any CPU.Build.0 = Debug|Any CPU
		{F08303D0-1A2C-453D-B476-3D82A2F254C5}.Release|Any CPU.ActiveCfg = Release|Any CPU
		{F08303D0-1A2C-453D-B476-3D82A2F254C5}.Release|Any CPU.Build.0 = Release|Any CPU
		{13EECCB1-0C64-496B-8E29-70915458713D}.Debug|Any CPU.ActiveCfg = Debug|Any CPU
		{13EECCB1-0C64-496B-8E29-70915458713D}.Debug|Any CPU.Build.0 = Debug|Any CPU
		{13EECCB1-0C64-496B-8E29-70915458713D}.Release|Any CPU.ActiveCfg = Release|Any CPU
		{13EECCB1-0C64-496B-8E29-70915458713D}.Release|Any CPU.Build.0 = Release|Any CPU
		{A5D1371D-0AFD-4FB9-8F64-726EFC55331A}.Debug|Any CPU.ActiveCfg = Debug|Any CPU
		{A5D1371D-0AFD-4FB9-8F64-726EFC55331A}.Debug|Any CPU.Build.0 = Debug|Any CPU
		{A5D1371D-0AFD-4FB9-8F64-726EFC55331A}.Release|Any CPU.ActiveCfg = Release|Any CPU
		{A5D1371D-0AFD-4FB9-8F64-726EFC55331A}.Release|Any CPU.Build.0 = Release|Any CPU
		{6FB7D301-22BB-40EF-813F-522AB36CA37A}.Debug|Any CPU.ActiveCfg = Debug|Any CPU
		{6FB7D301-22BB-40EF-813F-522AB36CA37A}.Debug|Any CPU.Build.0 = Debug|Any CPU
		{6FB7D301-22BB-40EF-813F-522AB36CA37A}.Release|Any CPU.ActiveCfg = Release|Any CPU
		{6FB7D301-22BB-40EF-813F-522AB36CA37A}.Release|Any CPU.Build.0 = Release|Any CPU
		{34FA1BF4-4EAE-459A-91C1-DFEDD3C9A603}.Debug|Any CPU.ActiveCfg = Debug|Any CPU
		{34FA1BF4-4EAE-459A-91C1-DFEDD3C9A603}.Debug|Any CPU.Build.0 = Debug|Any CPU
		{34FA1BF4-4EAE-459A-91C1-DFEDD3C9A603}.Release|Any CPU.ActiveCfg = Release|Any CPU
		{34FA1BF4-4EAE-459A-91C1-DFEDD3C9A603}.Release|Any CPU.Build.0 = Release|Any CPU
		{00430A26-B5A6-4054-9E61-3EB4D96AD14A}.Debug|Any CPU.ActiveCfg = Debug|Any CPU
		{00430A26-B5A6-4054-9E61-3EB4D96AD14A}.Debug|Any CPU.Build.0 = Debug|Any CPU
		{00430A26-B5A6-4054-9E61-3EB4D96AD14A}.Release|Any CPU.ActiveCfg = Release|Any CPU
		{00430A26-B5A6-4054-9E61-3EB4D96AD14A}.Release|Any CPU.Build.0 = Release|Any CPU
		{9E104927-A376-48DD-8C1E-EEB5EF0C0C39}.Debug|Any CPU.ActiveCfg = Debug|Any CPU
		{9E104927-A376-48DD-8C1E-EEB5EF0C0C39}.Debug|Any CPU.Build.0 = Debug|Any CPU
		{9E104927-A376-48DD-8C1E-EEB5EF0C0C39}.Release|Any CPU.ActiveCfg = Release|Any CPU
		{9E104927-A376-48DD-8C1E-EEB5EF0C0C39}.Release|Any CPU.Build.0 = Release|Any CPU
	EndGlobalSection
	GlobalSection(SolutionProperties) = preSolution
		HideSolutionNode = FALSE
	EndGlobalSection
	GlobalSection(NestedProjects) = preSolution
		{38D25CF5-E25E-4AD1-82E3-C788D915BC5A} = {A98D3478-8778-4422-8AC1-96F1FDD7E568}
		{118734D6-3C6F-48B3-809A-21A3AAB72208} = {A98D3478-8778-4422-8AC1-96F1FDD7E568}
		{BFC0C09B-C381-41E8-8042-2060C48C0BCC} = {A98D3478-8778-4422-8AC1-96F1FDD7E568}
		{87D42C83-8AFB-4B75-B7AD-13A502BA4DD7} = {A98D3478-8778-4422-8AC1-96F1FDD7E568}
		{C2333B04-1366-4BC9-A356-273AC6BA1A9E} = {A98D3478-8778-4422-8AC1-96F1FDD7E568}
		{FCDAEA27-0607-4B41-9C74-4CE1876C663D} = {B3334B45-CC2D-4A30-B2FB-E6419FF9B6F1}
		{6B6B3C28-9EAC-4B7A-B92B-F4EC7943A487} = {B3334B45-CC2D-4A30-B2FB-E6419FF9B6F1}
		{96AA2CA4-644B-43AD-A418-1A8EC82B0015} = {B3334B45-CC2D-4A30-B2FB-E6419FF9B6F1}
		{A9C110CC-DFC2-47F8-A0DA-B10A83B64E3F} = {B3334B45-CC2D-4A30-B2FB-E6419FF9B6F1}
		{D8161DA3-D023-40AD-8E68-B62417067901} = {B3334B45-CC2D-4A30-B2FB-E6419FF9B6F1}
		{761C4D1D-EB1E-4684-897B-B8F5D08E1742} = {AC4EAEEE-5E79-42A7-B50B-70B7BBDDF5AF}
		{E571BF84-35EB-4659-9714-B759B8554F95} = {AC4EAEEE-5E79-42A7-B50B-70B7BBDDF5AF}
		{F08303D0-1A2C-453D-B476-3D82A2F254C5} = {AC4EAEEE-5E79-42A7-B50B-70B7BBDDF5AF}
		{13EECCB1-0C64-496B-8E29-70915458713D} = {AC4EAEEE-5E79-42A7-B50B-70B7BBDDF5AF}
		{A5D1371D-0AFD-4FB9-8F64-726EFC55331A} = {C50D4DCE-1771-4A5B-9DE7-D98B51F09229}
		{6FB7D301-22BB-40EF-813F-522AB36CA37A} = {C50D4DCE-1771-4A5B-9DE7-D98B51F09229}
		{34FA1BF4-4EAE-459A-91C1-DFEDD3C9A603} = {C50D4DCE-1771-4A5B-9DE7-D98B51F09229}
		{00430A26-B5A6-4054-9E61-3EB4D96AD14A} = {C50D4DCE-1771-4A5B-9DE7-D98B51F09229}
		{9E104927-A376-48DD-8C1E-EEB5EF0C0C39} = {FC2A91EA-48AC-4D77-BAC3-AB166211B3CA}
	EndGlobalSection
	GlobalSection(ExtensibilityGlobals) = postSolution
		SolutionGuid = {609C3579-3F6D-4677-9511-8BB349142AD6}
	EndGlobalSection
EndGlobal
